{
  "name": "sng-demo",
  "lockfileVersion": 3,
  "requires": true,
  "packages": {
    "": {
      "dependencies": {
        "gojs": "^3.0.10"
      }
    },
    "node_modules/gojs": {
      "version": "3.0.10",
      "resolved": "https://registry.npmjs.org/gojs/-/gojs-3.0.10.tgz",
      "integrity": "sha512-RSx/4JPvLGlJX8bvDkOIe2eIuK/gIzrk6sLyWG6EA99PndBgDPGs/j0y/HBpmg3bSZ8isiENcLpTuQWUXnTScA=="
    }
  }
}
